
Microsoft Visual Studio Solution File, Format Version 12.00
# Visual Studio Version 16
VisualStudioVersion = 16.0.28922.388
MinimumVisualStudioVersion = 10.0.40219.1
Project("{FAE04EC0-301F-11D3-BF4B-00C04F79EFBC}") = "name10times", "name10times\name10times.csproj", "{22AFF258-92CA-40EA-A86E-F9C94D34B4FD}"
EndProject
Global
	GlobalSection(SolutionConfigurationPlatforms) = preSolution
		Debug|Any CPU = Debug|Any CPU
		Release|Any CPU = Release|Any CPU
	EndGlobalSection
	GlobalSection(ProjectConfigurationPlatforms) = postSolution
		{22AFF258-92CA-40EA-A86E-F9C94D34B4FD}.Debug|Any CPU.ActiveCfg = Debug|Any CPU
		{22AFF258-92CA-40EA-A86E-F9C94D34B4FD}.Debug|Any CPU.Build.0 = Debug|Any CPU
		{22AFF258-92CA-40EA-A86E-F9C94D34B4FD}.Release|Any CPU.ActiveCfg = Release|Any CPU
		{22AFF258-92CA-40EA-A86E-F9C94D34B4FD}.Release|Any CPU.Build.0 = Release|Any CPU
	EndGlobalSection
	GlobalSection(SolutionProperties) = preSolution
		HideSolutionNode = FALSE
	EndGlobalSection
	GlobalSection(ExtensibilityGlobals) = postSolution
		SolutionGuid = {C5875717-DF88-4AD0-B81C-EA4F0770FA0F}
	EndGlobalSection
EndGlobal
