
Microsoft Visual Studio Solution File, Format Version 12.00
# Visual Studio Version 16
VisualStudioVersion = 16.0.28922.388
MinimumVisualStudioVersion = 10.0.40219.1
Project("{FAE04EC0-301F-11D3-BF4B-00C04F79EFBC}") = "COLOB_WPF", "COLOB_WPF\COLOB_WPF.csproj", "{F6CAB7D3-E8FD-4EF2-BFED-DAB68A3C7A06}"
EndProject
Global
	GlobalSection(SolutionConfigurationPlatforms) = preSolution
		Debug|Any CPU = Debug|Any CPU
		Release|Any CPU = Release|Any CPU
	EndGlobalSection
	GlobalSection(ProjectConfigurationPlatforms) = postSolution
		{F6CAB7D3-E8FD-4EF2-BFED-DAB68A3C7A06}.Debug|Any CPU.ActiveCfg = Debug|Any CPU
		{F6CAB7D3-E8FD-4EF2-BFED-DAB68A3C7A06}.Debug|Any CPU.Build.0 = Debug|Any CPU
		{F6CAB7D3-E8FD-4EF2-BFED-DAB68A3C7A06}.Release|Any CPU.ActiveCfg = Release|Any CPU
		{F6CAB7D3-E8FD-4EF2-BFED-DAB68A3C7A06}.Release|Any CPU.Build.0 = Release|Any CPU
	EndGlobalSection
	GlobalSection(SolutionProperties) = preSolution
		HideSolutionNode = FALSE
	EndGlobalSection
	GlobalSection(ExtensibilityGlobals) = postSolution
		SolutionGuid = {1162277E-9EB9-4E12-A5E8-2B0619DEBC48}
	EndGlobalSection
EndGlobal
